
Microsoft Visual Studio Solution File, Format Version 12.00
# Visual Studio 15
VisualStudioVersion = 15.0.27004.2008
MinimumVisualStudioVersion = 10.0.40219.1
Project("{9A19103F-16F7-4668-BE54-9A1E7A4F7556}") = "AvalonEdit.Pieces", "AvalonEdit.Pieces\AvalonEdit.Pieces.csproj", "{DD3F3477-2CB4-4FE7-A9C4-88D9E631D047}"
EndProject
Project("{9A19103F-16F7-4668-BE54-9A1E7A4F7556}") = "Testing", "Testing\Testing.csproj", "{853C846D-4F3F-4088-856C-445818EB4841}"
EndProject
Global
	GlobalSection(SolutionConfigurationPlatforms) = preSolution
		Debug|Any CPU = Debug|Any CPU
		Release|Any CPU = Release|Any CPU
	EndGlobalSection
	GlobalSection(ProjectConfigurationPlatforms) = postSolution
		{DD3F3477-2CB4-4FE7-A9C4-88D9E631D047}.Debug|Any CPU.ActiveCfg = Debug|Any CPU
		{DD3F3477-2CB4-4FE7-A9C4-88D9E631D047}.Debug|Any CPU.Build.0 = Debug|Any CPU
		{DD3F3477-2CB4-4FE7-A9C4-88D9E631D047}.Release|Any CPU.ActiveCfg = Release|Any CPU
		{DD3F3477-2CB4-4FE7-A9C4-88D9E631D047}.Release|Any CPU.Build.0 = Release|Any CPU
		{853C846D-4F3F-4088-856C-445818EB4841}.Debug|Any CPU.ActiveCfg = Debug|Any CPU
		{853C846D-4F3F-4088-856C-445818EB4841}.Debug|Any CPU.Build.0 = Debug|Any CPU
		{853C846D-4F3F-4088-856C-445818EB4841}.Release|Any CPU.ActiveCfg = Release|Any CPU
		{853C846D-4F3F-4088-856C-445818EB4841}.Release|Any CPU.Build.0 = Release|Any CPU
	EndGlobalSection
	GlobalSection(SolutionProperties) = preSolution
		HideSolutionNode = FALSE
	EndGlobalSection
	GlobalSection(ExtensibilityGlobals) = postSolution
		SolutionGuid = {91299E3E-958B-44FF-A57A-1AB04E63708D}
	EndGlobalSection
EndGlobal
